{
  "name": "three-webgpu",
  "version": "1.0.0",
  "lockfileVersion": 3,
  "requires": true,
  "packages": {
    "": {
      "name": "three-webgpu",
      "version": "1.0.0",
      "license": "ISC",
      "dependencies": {
        "@sridhar-mani/dsa-js": "^1.0.5",
        "three": "^0.181.2"
      }
    },
    "node_modules/@sridhar-mani/dsa-js": {
      "version": "1.0.5",
      "resolved": "https://registry.npmjs.org/@sridhar-mani/dsa-js/-/dsa-js-1.0.5.tgz",
      "integrity": "sha512-6wcfL+feTtKZdoiQbNDakX7sI5K6N7Nlk16oX8yLi9Pd0skYTWUcXrOh7foJJMbfNmN6T79qZVpl5GctMMGryw==",
      "license": "MIT"
    },
    "node_modules/three": {
      "version": "0.181.2",
      "resolved": "https://registry.npmjs.org/three/-/three-0.181.2.tgz",
      "integrity": "sha512-k/CjiZ80bYss6Qs7/ex1TBlPD11whT9oKfT8oTGiHa34W4JRd1NiH/Tr1DbHWQ2/vMUypxksLnF2CfmlmM5XFQ==",
      "license": "MIT"
    }
  }
}
